<?xml version="1.0" encoding="UTF-8" standalone="yes" ?>
<CodeBlocks_project_file>
	<FileVersion major="1" minor="6" />
	<Project>
		<Option title="CBIUtil" />
		<Option pch_mode="2" />
		<Option compiler="mingw_gcc-73_64-bit" />
		<MakeCommands>
			<Build command="" />
			<CompileFile command="" />
			<Clean command="" />
			<DistClean command="" />
			<AskRebuildNeeded command="" />
			<SilentBuild command=" &gt; $(CMD_NULL)" />
		</MakeCommands>
		<Build>
			<Target title="Debug">
				<Option output="bin/Debug/CBIUtil" prefix_auto="1" extension_auto="1" />
				<Option working_dir="" />
				<Option object_output="obj/Debug/" />
				<Option type="2" />
				<Option compiler="mingw_gcc-73_64-bit" />
				<Option createDefFile="1" />
				<Compiler>
					<Add option="-Wall" />
					<Add option="-std=c++17" />
					<Add option="-g" />
					<Add option="-DCBI_CHECKPOINTS=1" />
					<Add directory="include" />
				</Compiler>
				<Linker>
					<Add library="user32" />
				</Linker>
			</Target>
			<Target title="Release">
				<Option output="bin/Release/CBIUtil" prefix_auto="1" extension_auto="1" />
				<Option working_dir="" />
				<Option object_output="obj/Release/" />
				<Option type="2" />
				<Option compiler="mingw_gcc-73_64-bit" />
				<Option createDefFile="1" />
				<Compiler>
					<Add option="-Wall" />
					<Add option="-O2" />
					<Add directory="include" />
				</Compiler>
				<Linker>
					<Add library="user32" />
				</Linker>
			</Target>
			<Target title="test-Release">
				<Option output="bin/Release/test-CBIUtil" prefix_auto="1" extension_auto="1" />
				<Option object_output="obj/Release" />
				<Option type="1" />
				<Option compiler="mingw_gcc-73_64-bit" />
				<Compiler>
					<Add option="-O2" />
					<Add directory="include" />
				</Compiler>
			</Target>
			<Target title="test-Debug">
				<Option output="bin/Debug/test-CBIUtil" prefix_auto="1" extension_auto="1" />
				<Option object_output="obj/Debug" />
				<Option type="1" />
				<Option compiler="mingw_gcc-73_64-bit" />
				<Compiler>
					<Add option="-Wall" />
					<Add option="-std=c++17" />
					<Add option="-g" />
					<Add option="-DCBI_CHECKPOINTS=1" />
					<Add directory="include" />
				</Compiler>
				<Linker>
					<Add library="bin/Debug/libCBIUtil.a" />
				</Linker>
			</Target>
		</Build>
		<VirtualTargets>
			<Add alias="all" targets="Debug;Release;test-Release;test-Debug;" />
		</VirtualTargets>
		<Compiler>
			<Add directory="include" />
		</Compiler>
		<Linker>
			<Add library="stdc++fs" />
		</Linker>
		<Unit filename="include/CompuBrite/CheckPoint.h" />
		<Unit filename="include/CompuBrite/TaskQueue.h" />
		<Unit filename="include/CompuBrite/ThreadPool.h" />
		<Unit filename="include/CompuBrite/hash_util.h" />
		<Unit filename="src/CompuBrite/CheckPoint.cpp">
			<Option target="Debug" />
			<Option target="test-Debug" />
		</Unit>
		<Unit filename="src/CompuBrite/TaskQueue.cpp" />
		<Unit filename="src/CompuBrite/ThreadPool.cpp" />
		<Unit filename="src/test.cpp">
			<Option target="test-Release" />
			<Option target="test-Debug" />
		</Unit>
		<Extensions>
			<lib_finder disable_auto="1" />
		</Extensions>
	</Project>
</CodeBlocks_project_file>
